
Microsoft Visual Studio Solution File, Format Version 12.00
# Visual Studio 15
VisualStudioVersion = 15.0.28307.271
MinimumVisualStudioVersion = 10.0.40219.1
Project("{FAE04EC0-301F-11D3-BF4B-00C04F79EFBC}") = "FlightReservationSystem", "FlightReservationSystem\FlightReservationSystem.csproj", "{517CBE48-CFCF-4831-98CC-808211E2D78A}"
EndProject
Project("{FAE04EC0-301F-11D3-BF4B-00C04F79EFBC}") = "FlightReservationSystem.Tests", "FlightReservationSystem.Tests\FlightReservationSystem.Tests.csproj", "{3A57C41B-1A90-4DF3-B256-187E8600456D}"
EndProject
Global
	GlobalSection(SolutionConfigurationPlatforms) = preSolution
		Debug|Any CPU = Debug|Any CPU
		Release|Any CPU = Release|Any CPU
	EndGlobalSection
	GlobalSection(ProjectConfigurationPlatforms) = postSolution
		{517CBE48-CFCF-4831-98CC-808211E2D78A}.Debug|Any CPU.ActiveCfg = Debug|Any CPU
		{517CBE48-CFCF-4831-98CC-808211E2D78A}.Debug|Any CPU.Build.0 = Debug|Any CPU
		{517CBE48-CFCF-4831-98CC-808211E2D78A}.Release|Any CPU.ActiveCfg = Release|Any CPU
		{517CBE48-CFCF-4831-98CC-808211E2D78A}.Release|Any CPU.Build.0 = Release|Any CPU
		{3A57C41B-1A90-4DF3-B256-187E8600456D}.Debug|Any CPU.ActiveCfg = Debug|Any CPU
		{3A57C41B-1A90-4DF3-B256-187E8600456D}.Debug|Any CPU.Build.0 = Debug|Any CPU
		{3A57C41B-1A90-4DF3-B256-187E8600456D}.Release|Any CPU.ActiveCfg = Release|Any CPU
		{3A57C41B-1A90-4DF3-B256-187E8600456D}.Release|Any CPU.Build.0 = Release|Any CPU
	EndGlobalSection
	GlobalSection(SolutionProperties) = preSolution
		HideSolutionNode = FALSE
	EndGlobalSection
	GlobalSection(ExtensibilityGlobals) = postSolution
		SolutionGuid = {A9890F1B-4A38-4EFE-B24A-750F34904785}
	EndGlobalSection
EndGlobal
